// !$*UTF8*$!
{
	archiveVersion = 1;
	classes = {
	};
	objectVersion = 50;
	objects = {

/* Begin PBXBuildFile section */
		53AC3DFA256B8C5C005D5AF3 /* RenderPipelineVC.swift in Sources */ = {isa = PBXBuildFile; fileRef = 53AC3DF9256B8C5C005D5AF3 /* RenderPipelineVC.swift */; };
		53AC3DFD256B9F2F005D5AF3 /* ComputePipelineVC.swift in Sources */ = {isa = PBXBuildFile; fileRef = 53AC3DFC256B9F2F005D5AF3 /* ComputePipelineVC.swift */; };
		53AC3E06256CFB02005D5AF3 /* EnhancementCompute.metal in Sources */ = {isa = PBXBuildFile; fileRef = 53AC3E04256CFB02005D5AF3 /* EnhancementCompute.metal */; };
		53AC3E07256CFB02005D5AF3 /* EnhancementCompute.swift in Sources */ = {isa = PBXBuildFile; fileRef = 53AC3E05256CFB02005D5AF3 /* EnhancementCompute.swift */; };
		53AC3E0C256CFB8B005D5AF3 /* PublicComputeKernel.metal in Sources */ = {isa = PBXBuildFile; fileRef = 53AC3E0B256CFB8B005D5AF3 /* PublicComputeKernel.metal */; };
		53AC3E14256DFAEE005D5AF3 /* MPSImageFilterVC.swift in Sources */ = {isa = PBXBuildFile; fileRef = 53AC3E13256DFAEE005D5AF3 /* MPSImageFilterVC.swift */; };
		53E6244B256654E7008EA029 /* AppDelegate.swift in Sources */ = {isa = PBXBuildFile; fileRef = 53E6244A256654E7008EA029 /* AppDelegate.swift */; };
		53E6244D256654E7008EA029 /* SceneDelegate.swift in Sources */ = {isa = PBXBuildFile; fileRef = 53E6244C256654E7008EA029 /* SceneDelegate.swift */; };
		53E6244F256654E7008EA029 /* ViewController.swift in Sources */ = {isa = PBXBuildFile; fileRef = 53E6244E256654E7008EA029 /* ViewController.swift */; };
		53E62452256654E7008EA029 /* Main.storyboard in Resources */ = {isa = PBXBuildFile; fileRef = 53E62450256654E7008EA029 /* Main.storyboard */; };
		53E62454256654E9008EA029 /* Assets.xcassets in Resources */ = {isa = PBXBuildFile; fileRef = 53E62453256654E9008EA029 /* Assets.xcassets */; };
		53E62457256654E9008EA029 /* LaunchScreen.storyboard in Resources */ = {isa = PBXBuildFile; fileRef = 53E62455256654E9008EA029 /* LaunchScreen.storyboard */; };
		53E624A525665528008EA029 /* WindowLevelsFilter.metal in Sources */ = {isa = PBXBuildFile; fileRef = 53E6246625665528008EA029 /* WindowLevelsFilter.metal */; };
		53E624A625665528008EA029 /* VerticalTransformFilter.metal in Sources */ = {isa = PBXBuildFile; fileRef = 53E6246725665528008EA029 /* VerticalTransformFilter.metal */; };
		53E624AF25665528008EA029 /* Passthrough.metal in Sources */ = {isa = PBXBuildFile; fileRef = 53E6247125665528008EA029 /* Passthrough.metal */; };
		53E624B125665528008EA029 /* BasicHeapOperation.swift in Sources */ = {isa = PBXBuildFile; fileRef = 53E6247325665528008EA029 /* BasicHeapOperation.swift */; };
		53E624B225665528008EA029 /* BasicOperation.swift in Sources */ = {isa = PBXBuildFile; fileRef = 53E6247425665528008EA029 /* BasicOperation.swift */; };
		53E624B925665528008EA029 /* WindowLevelsFilter.swift in Sources */ = {isa = PBXBuildFile; fileRef = 53E6247C25665528008EA029 /* WindowLevelsFilter.swift */; };
		53E624BA25665528008EA029 /* VerticalTransformFilter.swift in Sources */ = {isa = PBXBuildFile; fileRef = 53E6247D25665528008EA029 /* VerticalTransformFilter.swift */; };
		53E624CB25665528008EA029 /* NativeRenderView.swift in Sources */ = {isa = PBXBuildFile; fileRef = 53E6249225665528008EA029 /* NativeRenderView.swift */; };
		53E624CC25665528008EA029 /* RenderView.swift in Sources */ = {isa = PBXBuildFile; fileRef = 53E6249325665528008EA029 /* RenderView.swift */; };
		53E624CD25665528008EA029 /* Constants.swift in Sources */ = {isa = PBXBuildFile; fileRef = 53E6249525665528008EA029 /* Constants.swift */; };
		53E624CE25665528008EA029 /* Rendering.swift in Sources */ = {isa = PBXBuildFile; fileRef = 53E6249625665528008EA029 /* Rendering.swift */; };
		53E624CF25665528008EA029 /* ShaderUniformSettings.swift in Sources */ = {isa = PBXBuildFile; fileRef = 53E6249725665528008EA029 /* ShaderUniformSettings.swift */; };
		53E624D025665528008EA029 /* Matrix.swift in Sources */ = {isa = PBXBuildFile; fileRef = 53E6249925665528008EA029 /* Matrix.swift */; };
		53E624D125665528008EA029 /* Position.swift in Sources */ = {isa = PBXBuildFile; fileRef = 53E6249A25665528008EA029 /* Position.swift */; };
		53E624D225665528008EA029 /* Color.swift in Sources */ = {isa = PBXBuildFile; fileRef = 53E6249B25665528008EA029 /* Color.swift */; };
		53E624D325665528008EA029 /* Pipeline.swift in Sources */ = {isa = PBXBuildFile; fileRef = 53E6249C25665528008EA029 /* Pipeline.swift */; };
		53E624D425665528008EA029 /* Context.swift in Sources */ = {isa = PBXBuildFile; fileRef = 53E6249D25665528008EA029 /* Context.swift */; };
		53E624D525665528008EA029 /* FillMode.swift in Sources */ = {isa = PBXBuildFile; fileRef = 53E6249E25665528008EA029 /* FillMode.swift */; };
		53E624D625665528008EA029 /* Texture.swift in Sources */ = {isa = PBXBuildFile; fileRef = 53E6249F25665528008EA029 /* Texture.swift */; };
		53E624D725665528008EA029 /* PictureInput.swift in Sources */ = {isa = PBXBuildFile; fileRef = 53E624A125665528008EA029 /* PictureInput.swift */; };
		53E624E02566568F008EA029 /* BasicRendererVC.swift in Sources */ = {isa = PBXBuildFile; fileRef = 53E624DF2566568F008EA029 /* BasicRendererVC.swift */; };
		53E624E3256659D2008EA029 /* BasicComputeOperation.swift in Sources */ = {isa = PBXBuildFile; fileRef = 53E624E2256659D2008EA029 /* BasicComputeOperation.swift */; };
		53E624E9256660B4008EA029 /* ColorSwizzle.metal in Sources */ = {isa = PBXBuildFile; fileRef = 53E624E8256660B4008EA029 /* ColorSwizzle.metal */; };
/* End PBXBuildFile section */

/* Begin PBXFileReference section */
		53AC3DF9256B8C5C005D5AF3 /* RenderPipelineVC.swift */ = {isa = PBXFileReference; lastKnownFileType = sourcecode.swift; path = RenderPipelineVC.swift; sourceTree = "<group>"; };
		53AC3DFC256B9F2F005D5AF3 /* ComputePipelineVC.swift */ = {isa = PBXFileReference; lastKnownFileType = sourcecode.swift; path = ComputePipelineVC.swift; sourceTree = "<group>"; };
		53AC3E04256CFB02005D5AF3 /* EnhancementCompute.metal */ = {isa = PBXFileReference; fileEncoding = 4; lastKnownFileType = sourcecode.metal; path = EnhancementCompute.metal; sourceTree = "<group>"; };
		53AC3E05256CFB02005D5AF3 /* EnhancementCompute.swift */ = {isa = PBXFileReference; fileEncoding = 4; lastKnownFileType = sourcecode.swift; path = EnhancementCompute.swift; sourceTree = "<group>"; };
		53AC3E09256CFB30005D5AF3 /* GpuComputeKernelHeader.h */ = {isa = PBXFileReference; fileEncoding = 4; lastKnownFileType = sourcecode.c.h; path = GpuComputeKernelHeader.h; sourceTree = "<group>"; };
		53AC3E0B256CFB8B005D5AF3 /* PublicComputeKernel.metal */ = {isa = PBXFileReference; fileEncoding = 4; lastKnownFileType = sourcecode.metal; path = PublicComputeKernel.metal; sourceTree = "<group>"; };
		53AC3E13256DFAEE005D5AF3 /* MPSImageFilterVC.swift */ = {isa = PBXFileReference; lastKnownFileType = sourcecode.swift; path = MPSImageFilterVC.swift; sourceTree = "<group>"; };
		53E62447256654E7008EA029 /* GPUImage3-Practice.app */ = {isa = PBXFileReference; explicitFileType = wrapper.application; includeInIndex = 0; path = "GPUImage3-Practice.app"; sourceTree = BUILT_PRODUCTS_DIR; };
		53E6244A256654E7008EA029 /* AppDelegate.swift */ = {isa = PBXFileReference; lastKnownFileType = sourcecode.swift; path = AppDelegate.swift; sourceTree = "<group>"; };
		53E6244C256654E7008EA029 /* SceneDelegate.swift */ = {isa = PBXFileReference; lastKnownFileType = sourcecode.swift; path = SceneDelegate.swift; sourceTree = "<group>"; };
		53E6244E256654E7008EA029 /* ViewController.swift */ = {isa = PBXFileReference; lastKnownFileType = sourcecode.swift; path = ViewController.swift; sourceTree = "<group>"; };
		53E62451256654E7008EA029 /* Base */ = {isa = PBXFileReference; lastKnownFileType = file.storyboard; name = Base; path = Base.lproj/Main.storyboard; sourceTree = "<group>"; };
		53E62453256654E9008EA029 /* Assets.xcassets */ = {isa = PBXFileReference; lastKnownFileType = folder.assetcatalog; path = Assets.xcassets; sourceTree = "<group>"; };
		53E62456256654E9008EA029 /* Base */ = {isa = PBXFileReference; lastKnownFileType = file.storyboard; name = Base; path = Base.lproj/LaunchScreen.storyboard; sourceTree = "<group>"; };
		53E62458256654E9008EA029 /* Info.plist */ = {isa = PBXFileReference; lastKnownFileType = text.plist.xml; path = Info.plist; sourceTree = "<group>"; };
		53E6246625665528008EA029 /* WindowLevelsFilter.metal */ = {isa = PBXFileReference; fileEncoding = 4; lastKnownFileType = sourcecode.metal; path = WindowLevelsFilter.metal; sourceTree = "<group>"; };
		53E6246725665528008EA029 /* VerticalTransformFilter.metal */ = {isa = PBXFileReference; fileEncoding = 4; lastKnownFileType = sourcecode.metal; path = VerticalTransformFilter.metal; sourceTree = "<group>"; };
		53E6246F25665528008EA029 /* ShaderType.h */ = {isa = PBXFileReference; fileEncoding = 4; lastKnownFileType = sourcecode.c.h; path = ShaderType.h; sourceTree = "<group>"; };
		53E6247125665528008EA029 /* Passthrough.metal */ = {isa = PBXFileReference; fileEncoding = 4; lastKnownFileType = sourcecode.metal; path = Passthrough.metal; sourceTree = "<group>"; };
		53E6247325665528008EA029 /* BasicHeapOperation.swift */ = {isa = PBXFileReference; fileEncoding = 4; lastKnownFileType = sourcecode.swift; path = BasicHeapOperation.swift; sourceTree = "<group>"; };
		53E6247425665528008EA029 /* BasicOperation.swift */ = {isa = PBXFileReference; fileEncoding = 4; lastKnownFileType = sourcecode.swift; path = BasicOperation.swift; sourceTree = "<group>"; };
		53E6247C25665528008EA029 /* WindowLevelsFilter.swift */ = {isa = PBXFileReference; fileEncoding = 4; lastKnownFileType = sourcecode.swift; path = WindowLevelsFilter.swift; sourceTree = "<group>"; };
		53E6247D25665528008EA029 /* VerticalTransformFilter.swift */ = {isa = PBXFileReference; fileEncoding = 4; lastKnownFileType = sourcecode.swift; path = VerticalTransformFilter.swift; sourceTree = "<group>"; };
		53E6249225665528008EA029 /* NativeRenderView.swift */ = {isa = PBXFileReference; fileEncoding = 4; lastKnownFileType = sourcecode.swift; path = NativeRenderView.swift; sourceTree = "<group>"; };
		53E6249325665528008EA029 /* RenderView.swift */ = {isa = PBXFileReference; fileEncoding = 4; lastKnownFileType = sourcecode.swift; path = RenderView.swift; sourceTree = "<group>"; };
		53E6249525665528008EA029 /* Constants.swift */ = {isa = PBXFileReference; fileEncoding = 4; lastKnownFileType = sourcecode.swift; path = Constants.swift; sourceTree = "<group>"; };
		53E6249625665528008EA029 /* Rendering.swift */ = {isa = PBXFileReference; fileEncoding = 4; lastKnownFileType = sourcecode.swift; path = Rendering.swift; sourceTree = "<group>"; };
		53E6249725665528008EA029 /* ShaderUniformSettings.swift */ = {isa = PBXFileReference; fileEncoding = 4; lastKnownFileType = sourcecode.swift; path = ShaderUniformSettings.swift; sourceTree = "<group>"; };
		53E6249925665528008EA029 /* Matrix.swift */ = {isa = PBXFileReference; fileEncoding = 4; lastKnownFileType = sourcecode.swift; path = Matrix.swift; sourceTree = "<group>"; };
		53E6249A25665528008EA029 /* Position.swift */ = {isa = PBXFileReference; fileEncoding = 4; lastKnownFileType = sourcecode.swift; path = Position.swift; sourceTree = "<group>"; };
		53E6249B25665528008EA029 /* Color.swift */ = {isa = PBXFileReference; fileEncoding = 4; lastKnownFileType = sourcecode.swift; path = Color.swift; sourceTree = "<group>"; };
		53E6249C25665528008EA029 /* Pipeline.swift */ = {isa = PBXFileReference; fileEncoding = 4; lastKnownFileType = sourcecode.swift; path = Pipeline.swift; sourceTree = "<group>"; };
		53E6249D25665528008EA029 /* Context.swift */ = {isa = PBXFileReference; fileEncoding = 4; lastKnownFileType = sourcecode.swift; path = Context.swift; sourceTree = "<group>"; };
		53E6249E25665528008EA029 /* FillMode.swift */ = {isa = PBXFileReference; fileEncoding = 4; lastKnownFileType = sourcecode.swift; path = FillMode.swift; sourceTree = "<group>"; };
		53E6249F25665528008EA029 /* Texture.swift */ = {isa = PBXFileReference; fileEncoding = 4; lastKnownFileType = sourcecode.swift; path = Texture.swift; sourceTree = "<group>"; };
		53E624A125665528008EA029 /* PictureInput.swift */ = {isa = PBXFileReference; fileEncoding = 4; lastKnownFileType = sourcecode.swift; path = PictureInput.swift; sourceTree = "<group>"; };
		53E624DF2566568F008EA029 /* BasicRendererVC.swift */ = {isa = PBXFileReference; lastKnownFileType = sourcecode.swift; path = BasicRendererVC.swift; sourceTree = "<group>"; };
		53E624E2256659D2008EA029 /* BasicComputeOperation.swift */ = {isa = PBXFileReference; fileEncoding = 4; lastKnownFileType = sourcecode.swift; path = BasicComputeOperation.swift; sourceTree = "<group>"; };
		53E624E8256660B4008EA029 /* ColorSwizzle.metal */ = {isa = PBXFileReference; fileEncoding = 4; lastKnownFileType = sourcecode.metal; path = ColorSwizzle.metal; sourceTree = "<group>"; };
/* End PBXFileReference section */

/* Begin PBXFrameworksBuildPhase section */
		53E62444256654E7008EA029 /* Frameworks */ = {
			isa = PBXFrameworksBuildPhase;
			buildActionMask = 2147483647;
			files = (
			);
			runOnlyForDeploymentPostprocessing = 0;
		};
/* End PBXFrameworksBuildPhase section */

/* Begin PBXGroup section */
		53AC3DF7256B8AAF005D5AF3 /* ViewController */ = {
			isa = PBXGroup;
			children = (
				53E6244E256654E7008EA029 /* ViewController.swift */,
				53E624DF2566568F008EA029 /* BasicRendererVC.swift */,
				53AC3DF9256B8C5C005D5AF3 /* RenderPipelineVC.swift */,
				53AC3DFC256B9F2F005D5AF3 /* ComputePipelineVC.swift */,
				53AC3E13256DFAEE005D5AF3 /* MPSImageFilterVC.swift */,
			);
			path = ViewController;
			sourceTree = "<group>";
		};
		53E6243E256654E7008EA029 = {
			isa = PBXGroup;
			children = (
				53E62449256654E7008EA029 /* GPUImage3-Practice */,
				53E62448256654E7008EA029 /* Products */,
			);
			sourceTree = "<group>";
		};
		53E62448256654E7008EA029 /* Products */ = {
			isa = PBXGroup;
			children = (
				53E62447256654E7008EA029 /* GPUImage3-Practice.app */,
			);
			name = Products;
			sourceTree = "<group>";
		};
		53E62449256654E7008EA029 /* GPUImage3-Practice */ = {
			isa = PBXGroup;
			children = (
				53AC3DF7256B8AAF005D5AF3 /* ViewController */,
				53E6245F25665528008EA029 /* MetalCore */,
				53E6244A256654E7008EA029 /* AppDelegate.swift */,
				53E6244C256654E7008EA029 /* SceneDelegate.swift */,
				53E62450256654E7008EA029 /* Main.storyboard */,
				53E62453256654E9008EA029 /* Assets.xcassets */,
				53E62455256654E9008EA029 /* LaunchScreen.storyboard */,
				53E62458256654E9008EA029 /* Info.plist */,
			);
			path = "GPUImage3-Practice";
			sourceTree = "<group>";
		};
		53E6245F25665528008EA029 /* MetalCore */ = {
			isa = PBXGroup;
			children = (
				53E6246425665528008EA029 /* Operations */,
				53E6249125665528008EA029 /* Outputs */,
				53E6249425665528008EA029 /* Base */,
				53E624A025665528008EA029 /* Inputs */,
			);
			path = MetalCore;
			sourceTree = "<group>";
		};
		53E6246425665528008EA029 /* Operations */ = {
			isa = PBXGroup;
			children = (
				53E624E2256659D2008EA029 /* BasicComputeOperation.swift */,
				53E6247325665528008EA029 /* BasicHeapOperation.swift */,
				53E6247425665528008EA029 /* BasicOperation.swift */,
				53E6246525665528008EA029 /* MetalShader */,
			);
			path = Operations;
			sourceTree = "<group>";
		};
		53E6246525665528008EA029 /* MetalShader */ = {
			isa = PBXGroup;
			children = (
				53AC3E0B256CFB8B005D5AF3 /* PublicComputeKernel.metal */,
				53AC3E09256CFB30005D5AF3 /* GpuComputeKernelHeader.h */,
				53AC3E04256CFB02005D5AF3 /* EnhancementCompute.metal */,
				53AC3E05256CFB02005D5AF3 /* EnhancementCompute.swift */,
				53E624E8256660B4008EA029 /* ColorSwizzle.metal */,
				53E6247125665528008EA029 /* Passthrough.metal */,
				53E6246F25665528008EA029 /* ShaderType.h */,
				53E6246725665528008EA029 /* VerticalTransformFilter.metal */,
				53E6247D25665528008EA029 /* VerticalTransformFilter.swift */,
				53E6246625665528008EA029 /* WindowLevelsFilter.metal */,
				53E6247C25665528008EA029 /* WindowLevelsFilter.swift */,
			);
			path = MetalShader;
			sourceTree = "<group>";
		};
		53E6249125665528008EA029 /* Outputs */ = {
			isa = PBXGroup;
			children = (
				53E6249225665528008EA029 /* NativeRenderView.swift */,
				53E6249325665528008EA029 /* RenderView.swift */,
			);
			path = Outputs;
			sourceTree = "<group>";
		};
		53E6249425665528008EA029 /* Base */ = {
			isa = PBXGroup;
			children = (
				53E6249525665528008EA029 /* Constants.swift */,
				53E6249625665528008EA029 /* Rendering.swift */,
				53E6249725665528008EA029 /* ShaderUniformSettings.swift */,
				53E6249825665528008EA029 /* DataTypes */,
				53E6249C25665528008EA029 /* Pipeline.swift */,
				53E6249D25665528008EA029 /* Context.swift */,
				53E6249E25665528008EA029 /* FillMode.swift */,
				53E6249F25665528008EA029 /* Texture.swift */,
			);
			path = Base;
			sourceTree = "<group>";
		};
		53E6249825665528008EA029 /* DataTypes */ = {
			isa = PBXGroup;
			children = (
				53E6249925665528008EA029 /* Matrix.swift */,
				53E6249A25665528008EA029 /* Position.swift */,
				53E6249B25665528008EA029 /* Color.swift */,
			);
			path = DataTypes;
			sourceTree = "<group>";
		};
		53E624A025665528008EA029 /* Inputs */ = {
			isa = PBXGroup;
			children = (
				53E624A125665528008EA029 /* PictureInput.swift */,
			);
			path = Inputs;
			sourceTree = "<group>";
		};
/* End PBXGroup section */

/* Begin PBXNativeTarget section */
		53E62446256654E7008EA029 /* GPUImage3-Practice */ = {
			isa = PBXNativeTarget;
			buildConfigurationList = 53E6245B256654E9008EA029 /* Build configuration list for PBXNativeTarget "GPUImage3-Practice" */;
			buildPhases = (
				53E62443256654E7008EA029 /* Sources */,
				53E62444256654E7008EA029 /* Frameworks */,
				53E62445256654E7008EA029 /* Resources */,
			);
			buildRules = (
			);
			dependencies = (
			);
			name = "GPUImage3-Practice";
			productName = "GPUImage3-Practice";
			productReference = 53E62447256654E7008EA029 /* GPUImage3-Practice.app */;
			productType = "com.apple.product-type.application";
		};
/* End PBXNativeTarget section */

/* Begin PBXProject section */
		53E6243F256654E7008EA029 /* Project object */ = {
			isa = PBXProject;
			attributes = {
				LastSwiftUpdateCheck = 1220;
				LastUpgradeCheck = 1220;
				TargetAttributes = {
					53E62446256654E7008EA029 = {
						CreatedOnToolsVersion = 12.2;
					};
				};
			};
			buildConfigurationList = 53E62442256654E7008EA029 /* Build configuration list for PBXProject "GPUImage3-Practice" */;
			compatibilityVersion = "Xcode 9.3";
			developmentRegion = en;
			hasScannedForEncodings = 0;
			knownRegions = (
				en,
				Base,
			);
			mainGroup = 53E6243E256654E7008EA029;
			productRefGroup = 53E62448256654E7008EA029 /* Products */;
			projectDirPath = "";
			projectRoot = "";
			targets = (
				53E62446256654E7008EA029 /* GPUImage3-Practice */,
			);
		};
/* End PBXProject section */

/* Begin PBXResourcesBuildPhase section */
		53E62445256654E7008EA029 /* Resources */ = {
			isa = PBXResourcesBuildPhase;
			buildActionMask = 2147483647;
			files = (
				53E62457256654E9008EA029 /* LaunchScreen.storyboard in Resources */,
				53E62454256654E9008EA029 /* Assets.xcassets in Resources */,
				53E62452256654E7008EA029 /* Main.storyboard in Resources */,
			);
			runOnlyForDeploymentPostprocessing = 0;
		};
/* End PBXResourcesBuildPhase section */

/* Begin PBXSourcesBuildPhase section */
		53E62443256654E7008EA029 /* Sources */ = {
			isa = PBXSourcesBuildPhase;
			buildActionMask = 2147483647;
			files = (
				53E6244F256654E7008EA029 /* ViewController.swift in Sources */,
				53E624D425665528008EA029 /* Context.swift in Sources */,
				53E624A625665528008EA029 /* VerticalTransformFilter.metal in Sources */,
				53AC3E14256DFAEE005D5AF3 /* MPSImageFilterVC.swift in Sources */,
				53E624CC25665528008EA029 /* RenderView.swift in Sources */,
				53E624BA25665528008EA029 /* VerticalTransformFilter.swift in Sources */,
				53E624D325665528008EA029 /* Pipeline.swift in Sources */,
				53E624D525665528008EA029 /* FillMode.swift in Sources */,
				53E624CE25665528008EA029 /* Rendering.swift in Sources */,
				53E624E9256660B4008EA029 /* ColorSwizzle.metal in Sources */,
				53E6244B256654E7008EA029 /* AppDelegate.swift in Sources */,
				53AC3DFD256B9F2F005D5AF3 /* ComputePipelineVC.swift in Sources */,
				53E624CB25665528008EA029 /* NativeRenderView.swift in Sources */,
				53E624D225665528008EA029 /* Color.swift in Sources */,
				53AC3E07256CFB02005D5AF3 /* EnhancementCompute.swift in Sources */,
				53E624D625665528008EA029 /* Texture.swift in Sources */,
				53E624B125665528008EA029 /* BasicHeapOperation.swift in Sources */,
				53E624E3256659D2008EA029 /* BasicComputeOperation.swift in Sources */,
				53E624D025665528008EA029 /* Matrix.swift in Sources */,
				53AC3DFA256B8C5C005D5AF3 /* RenderPipelineVC.swift in Sources */,
				53E624AF25665528008EA029 /* Passthrough.metal in Sources */,
				53AC3E06256CFB02005D5AF3 /* EnhancementCompute.metal in Sources */,
				53E6244D256654E7008EA029 /* SceneDelegate.swift in Sources */,
				53E624D125665528008EA029 /* Position.swift in Sources */,
				53E624CF25665528008EA029 /* ShaderUniformSettings.swift in Sources */,
				53E624D725665528008EA029 /* PictureInput.swift in Sources */,
				53AC3E0C256CFB8B005D5AF3 /* PublicComputeKernel.metal in Sources */,
				53E624E02566568F008EA029 /* BasicRendererVC.swift in Sources */,
				53E624A525665528008EA029 /* WindowLevelsFilter.metal in Sources */,
				53E624CD25665528008EA029 /* Constants.swift in Sources */,
				53E624B925665528008EA029 /* WindowLevelsFilter.swift in Sources */,
				53E624B225665528008EA029 /* BasicOperation.swift in Sources */,
			);
			runOnlyForDeploymentPostprocessing = 0;
		};
/* End PBXSourcesBuildPhase section */

/* Begin PBXVariantGroup section */
		53E62450256654E7008EA029 /* Main.storyboard */ = {
			isa = PBXVariantGroup;
			children = (
				53E62451256654E7008EA029 /* Base */,
			);
			name = Main.storyboard;
			sourceTree = "<group>";
		};
		53E62455256654E9008EA029 /* LaunchScreen.storyboard */ = {
			isa = PBXVariantGroup;
			children = (
				53E62456256654E9008EA029 /* Base */,
			);
			name = LaunchScreen.storyboard;
			sourceTree = "<group>";
		};
/* End PBXVariantGroup section */

/* Begin XCBuildConfiguration section */
		53E62459256654E9008EA029 /* Debug */ = {
			isa = XCBuildConfiguration;
			buildSettings = {
				ALWAYS_SEARCH_USER_PATHS = NO;
				CLANG_ANALYZER_NONNULL = YES;
				CLANG_ANALYZER_NUMBER_OBJECT_CONVERSION = YES_AGGRESSIVE;
				CLANG_CXX_LANGUAGE_STANDARD = "gnu++14";
				CLANG_CXX_LIBRARY = "libc++";
				CLANG_ENABLE_MODULES = YES;
				CLANG_ENABLE_OBJC_ARC = YES;
				CLANG_ENABLE_OBJC_WEAK = YES;
				CLANG_WARN_BLOCK_CAPTURE_AUTORELEASING = YES;
				CLANG_WARN_BOOL_CONVERSION = YES;
				CLANG_WARN_COMMA = YES;
				CLANG_WARN_CONSTANT_CONVERSION = YES;
				CLANG_WARN_DEPRECATED_OBJC_IMPLEMENTATIONS = YES;
				CLANG_WARN_DIRECT_OBJC_ISA_USAGE = YES_ERROR;
				CLANG_WARN_DOCUMENTATION_COMMENTS = YES;
				CLANG_WARN_EMPTY_BODY = YES;
				CLANG_WARN_ENUM_CONVERSION = YES;
				CLANG_WARN_INFINITE_RECURSION = YES;
				CLANG_WARN_INT_CONVERSION = YES;
				CLANG_WARN_NON_LITERAL_NULL_CONVERSION = YES;
				CLANG_WARN_OBJC_IMPLICIT_RETAIN_SELF = YES;
				CLANG_WARN_OBJC_LITERAL_CONVERSION = YES;
				CLANG_WARN_OBJC_ROOT_CLASS = YES_ERROR;
				CLANG_WARN_QUOTED_INCLUDE_IN_FRAMEWORK_HEADER = YES;
				CLANG_WARN_RANGE_LOOP_ANALYSIS = YES;
				CLANG_WARN_STRICT_PROTOTYPES = YES;
				CLANG_WARN_SUSPICIOUS_MOVE = YES;
				CLANG_WARN_UNGUARDED_AVAILABILITY = YES_AGGRESSIVE;
				CLANG_WARN_UNREACHABLE_CODE = YES;
				CLANG_WARN__DUPLICATE_METHOD_MATCH = YES;
				COPY_PHASE_STRIP = NO;
				DEBUG_INFORMATION_FORMAT = dwarf;
				ENABLE_STRICT_OBJC_MSGSEND = YES;
				ENABLE_TESTABILITY = YES;
				GCC_C_LANGUAGE_STANDARD = gnu11;
				GCC_DYNAMIC_NO_PIC = NO;
				GCC_NO_COMMON_BLOCKS = YES;
				GCC_OPTIMIZATION_LEVEL = 0;
				GCC_PREPROCESSOR_DEFINITIONS = (
					"DEBUG=1",
					"$(inherited)",
				);
				GCC_WARN_64_TO_32_BIT_CONVERSION = YES;
				GCC_WARN_ABOUT_RETURN_TYPE = YES_ERROR;
				GCC_WARN_UNDECLARED_SELECTOR = YES;
				GCC_WARN_UNINITIALIZED_AUTOS = YES_AGGRESSIVE;
				GCC_WARN_UNUSED_FUNCTION = YES;
				GCC_WARN_UNUSED_VARIABLE = YES;
				IPHONEOS_DEPLOYMENT_TARGET = 14.2;
				MTL_ENABLE_DEBUG_INFO = INCLUDE_SOURCE;
				MTL_FAST_MATH = YES;
				ONLY_ACTIVE_ARCH = YES;
				SDKROOT = iphoneos;
				SWIFT_ACTIVE_COMPILATION_CONDITIONS = DEBUG;
				SWIFT_OPTIMIZATION_LEVEL = "-Onone";
			};
			name = Debug;
		};
		53E6245A256654E9008EA029 /* Release */ = {
			isa = XCBuildConfiguration;
			buildSettings = {
				ALWAYS_SEARCH_USER_PATHS = NO;
				CLANG_ANALYZER_NONNULL = YES;
				CLANG_ANALYZER_NUMBER_OBJECT_CONVERSION = YES_AGGRESSIVE;
				CLANG_CXX_LANGUAGE_STANDARD = "gnu++14";
				CLANG_CXX_LIBRARY = "libc++";
				CLANG_ENABLE_MODULES = YES;
				CLANG_ENABLE_OBJC_ARC = YES;
				CLANG_ENABLE_OBJC_WEAK = YES;
				CLANG_WARN_BLOCK_CAPTURE_AUTORELEASING = YES;
				CLANG_WARN_BOOL_CONVERSION = YES;
				CLANG_WARN_COMMA = YES;
				CLANG_WARN_CONSTANT_CONVERSION = YES;
				CLANG_WARN_DEPRECATED_OBJC_IMPLEMENTATIONS = YES;
				CLANG_WARN_DIRECT_OBJC_ISA_USAGE = YES_ERROR;
				CLANG_WARN_DOCUMENTATION_COMMENTS = YES;
				CLANG_WARN_EMPTY_BODY = YES;
				CLANG_WARN_ENUM_CONVERSION = YES;
				CLANG_WARN_INFINITE_RECURSION = YES;
				CLANG_WARN_INT_CONVERSION = YES;
				CLANG_WARN_NON_LITERAL_NULL_CONVERSION = YES;
				CLANG_WARN_OBJC_IMPLICIT_RETAIN_SELF = YES;
				CLANG_WARN_OBJC_LITERAL_CONVERSION = YES;
				CLANG_WARN_OBJC_ROOT_CLASS = YES_ERROR;
				CLANG_WARN_QUOTED_INCLUDE_IN_FRAMEWORK_HEADER = YES;
				CLANG_WARN_RANGE_LOOP_ANALYSIS = YES;
				CLANG_WARN_STRICT_PROTOTYPES = YES;
				CLANG_WARN_SUSPICIOUS_MOVE = YES;
				CLANG_WARN_UNGUARDED_AVAILABILITY = YES_AGGRESSIVE;
				CLANG_WARN_UNREACHABLE_CODE = YES;
				CLANG_WARN__DUPLICATE_METHOD_MATCH = YES;
				COPY_PHASE_STRIP = NO;
				DEBUG_INFORMATION_FORMAT = "dwarf-with-dsym";
				ENABLE_NS_ASSERTIONS = NO;
				ENABLE_STRICT_OBJC_MSGSEND = YES;
				GCC_C_LANGUAGE_STANDARD = gnu11;
				GCC_NO_COMMON_BLOCKS = YES;
				GCC_WARN_64_TO_32_BIT_CONVERSION = YES;
				GCC_WARN_ABOUT_RETURN_TYPE = YES_ERROR;
				GCC_WARN_UNDECLARED_SELECTOR = YES;
				GCC_WARN_UNINITIALIZED_AUTOS = YES_AGGRESSIVE;
				GCC_WARN_UNUSED_FUNCTION = YES;
				GCC_WARN_UNUSED_VARIABLE = YES;
				IPHONEOS_DEPLOYMENT_TARGET = 14.2;
				MTL_ENABLE_DEBUG_INFO = NO;
				MTL_FAST_MATH = YES;
				SDKROOT = iphoneos;
				SWIFT_COMPILATION_MODE = wholemodule;
				SWIFT_OPTIMIZATION_LEVEL = "-O";
				VALIDATE_PRODUCT = YES;
			};
			name = Release;
		};
		53E6245C256654E9008EA029 /* Debug */ = {
			isa = XCBuildConfiguration;
			buildSettings = {
				ASSETCATALOG_COMPILER_APPICON_NAME = AppIcon;
				ASSETCATALOG_COMPILER_GLOBAL_ACCENT_COLOR_NAME = AccentColor;
				CODE_SIGN_STYLE = Automatic;
				DEVELOPMENT_TEAM = N6D9A5K3PR;
				INFOPLIST_FILE = "GPUImage3-Practice/Info.plist";
				IPHONEOS_DEPLOYMENT_TARGET = 13.0;
				LD_RUNPATH_SEARCH_PATHS = (
					"$(inherited)",
					"@executable_path/Frameworks",
				);
				PRODUCT_BUNDLE_IDENTIFIER = "ink.guolinan.GPUImage3-Practice";
				PRODUCT_NAME = "$(TARGET_NAME)";
				SWIFT_VERSION = 5.0;
				TARGETED_DEVICE_FAMILY = "1,2";
			};
			name = Debug;
		};
		53E6245D256654E9008EA029 /* Release */ = {
			isa = XCBuildConfiguration;
			buildSettings = {
				ASSETCATALOG_COMPILER_APPICON_NAME = AppIcon;
				ASSETCATALOG_COMPILER_GLOBAL_ACCENT_COLOR_NAME = AccentColor;
				CODE_SIGN_STYLE = Automatic;
				DEVELOPMENT_TEAM = N6D9A5K3PR;
				INFOPLIST_FILE = "GPUImage3-Practice/Info.plist";
				IPHONEOS_DEPLOYMENT_TARGET = 13.0;
				LD_RUNPATH_SEARCH_PATHS = (
					"$(inherited)",
					"@executable_path/Frameworks",
				);
				PRODUCT_BUNDLE_IDENTIFIER = "ink.guolinan.GPUImage3-Practice";
				PRODUCT_NAME = "$(TARGET_NAME)";
				SWIFT_VERSION = 5.0;
				TARGETED_DEVICE_FAMILY = "1,2";
			};
			name = Release;
		};
/* End XCBuildConfiguration section */

/* Begin XCConfigurationList section */
		53E62442256654E7008EA029 /* Build configuration list for PBXProject "GPUImage3-Practice" */ = {
			isa = XCConfigurationList;
			buildConfigurations = (
				53E62459256654E9008EA029 /* Debug */,
				53E6245A256654E9008EA029 /* Release */,
			);
			defaultConfigurationIsVisible = 0;
			defaultConfigurationName = Release;
		};
		53E6245B256654E9008EA029 /* Build configuration list for PBXNativeTarget "GPUImage3-Practice" */ = {
			isa = XCConfigurationList;
			buildConfigurations = (
				53E6245C256654E9008EA029 /* Debug */,
				53E6245D256654E9008EA029 /* Release */,
			);
			defaultConfigurationIsVisible = 0;
			defaultConfigurationName = Release;
		};
/* End XCConfigurationList section */
	};
	rootObject = 53E6243F256654E7008EA029 /* Project object */;
}
